
Microsoft Visual Studio Solution File, Format Version 12.00
# Visual Studio Version 16
VisualStudioVersion = 16.0.30907.101
MinimumVisualStudioVersion = 10.0.40219.1
Project("{FAE04EC0-301F-11D3-BF4B-00C04F79EFBC}") = "CMC", "CMC\CMC.csproj", "{E610A994-1AC9-4082-B279-3FD41EB01407}"
EndProject
Global
	GlobalSection(SolutionConfigurationPlatforms) = preSolution
		Debug|Any CPU = Debug|Any CPU
		Release|Any CPU = Release|Any CPU
	EndGlobalSection
	GlobalSection(ProjectConfigurationPlatforms) = postSolution
		{E610A994-1AC9-4082-B279-3FD41EB01407}.Debug|Any CPU.ActiveCfg = Debug|Any CPU
		{E610A994-1AC9-4082-B279-3FD41EB01407}.Debug|Any CPU.Build.0 = Debug|Any CPU
		{E610A994-1AC9-4082-B279-3FD41EB01407}.Release|Any CPU.ActiveCfg = Release|Any CPU
		{E610A994-1AC9-4082-B279-3FD41EB01407}.Release|Any CPU.Build.0 = Release|Any CPU
	EndGlobalSection
	GlobalSection(SolutionProperties) = preSolution
		HideSolutionNode = FALSE
	EndGlobalSection
	GlobalSection(ExtensibilityGlobals) = postSolution
		SolutionGuid = {CDC4C879-472E-464B-B815-C002DA059804}
	EndGlobalSection
EndGlobal
